
Microsoft Visual Studio Solution File, Format Version 12.00
# Visual Studio Version 17
VisualStudioVersion = 17.2.32505.173
MinimumVisualStudioVersion = 10.0.40219.1
Project("{9A19103F-16F7-4668-BE54-9A1E7A4F7556}") = "DocTruyen", "DocTruyen\DocTruyen.csproj", "{ECC41F44-CD01-4547-BEC7-2AAD830F6A67}"
EndProject
Project("{9A19103F-16F7-4668-BE54-9A1E7A4F7556}") = "DocTruyen.DataAccess", "DocTruyen.DataAccess\DocTruyen.DataAccess.csproj", "{0676B14E-DD26-49CF-9CC1-4B66A1BC7901}"
EndProject
Project("{9A19103F-16F7-4668-BE54-9A1E7A4F7556}") = "DocTruyen.Service", "DocTruyen.Service\DocTruyen.Service.csproj", "{538A63EA-CB87-4EB6-BD73-69601EAB3FD2}"
EndProject
Project("{FAE04EC0-301F-11D3-BF4B-00C04F79EFBC}") = "DocTruyen.ViewModels", "DocTruyen.ViewModels\DocTruyen.ViewModels.csproj", "{B819A520-14FF-4786-B55C-404FC446ED2E}"
EndProject
Global
	GlobalSection(SolutionConfigurationPlatforms) = preSolution
		Debug|Any CPU = Debug|Any CPU
		Release|Any CPU = Release|Any CPU
	EndGlobalSection
	GlobalSection(ProjectConfigurationPlatforms) = postSolution
		{ECC41F44-CD01-4547-BEC7-2AAD830F6A67}.Debug|Any CPU.ActiveCfg = Debug|Any CPU
		{ECC41F44-CD01-4547-BEC7-2AAD830F6A67}.Debug|Any CPU.Build.0 = Debug|Any CPU
		{ECC41F44-CD01-4547-BEC7-2AAD830F6A67}.Release|Any CPU.ActiveCfg = Release|Any CPU
		{ECC41F44-CD01-4547-BEC7-2AAD830F6A67}.Release|Any CPU.Build.0 = Release|Any CPU
		{0676B14E-DD26-49CF-9CC1-4B66A1BC7901}.Debug|Any CPU.ActiveCfg = Debug|Any CPU
		{0676B14E-DD26-49CF-9CC1-4B66A1BC7901}.Debug|Any CPU.Build.0 = Debug|Any CPU
		{0676B14E-DD26-49CF-9CC1-4B66A1BC7901}.Release|Any CPU.ActiveCfg = Release|Any CPU
		{0676B14E-DD26-49CF-9CC1-4B66A1BC7901}.Release|Any CPU.Build.0 = Release|Any CPU
		{538A63EA-CB87-4EB6-BD73-69601EAB3FD2}.Debug|Any CPU.ActiveCfg = Debug|Any CPU
		{538A63EA-CB87-4EB6-BD73-69601EAB3FD2}.Debug|Any CPU.Build.0 = Debug|Any CPU
		{538A63EA-CB87-4EB6-BD73-69601EAB3FD2}.Release|Any CPU.ActiveCfg = Release|Any CPU
		{538A63EA-CB87-4EB6-BD73-69601EAB3FD2}.Release|Any CPU.Build.0 = Release|Any CPU
		{B819A520-14FF-4786-B55C-404FC446ED2E}.Debug|Any CPU.ActiveCfg = Debug|Any CPU
		{B819A520-14FF-4786-B55C-404FC446ED2E}.Debug|Any CPU.Build.0 = Debug|Any CPU
		{B819A520-14FF-4786-B55C-404FC446ED2E}.Release|Any CPU.ActiveCfg = Release|Any CPU
		{B819A520-14FF-4786-B55C-404FC446ED2E}.Release|Any CPU.Build.0 = Release|Any CPU
	EndGlobalSection
	GlobalSection(SolutionProperties) = preSolution
		HideSolutionNode = FALSE
	EndGlobalSection
	GlobalSection(ExtensibilityGlobals) = postSolution
		SolutionGuid = {FD6C40BD-D702-4B3B-8B63-9DBE6626F75E}
	EndGlobalSection
EndGlobal
